
Microsoft Visual Studio Solution File, Format Version 12.00
# Visual Studio Version 17
VisualStudioVersion = 17.0.31912.275
MinimumVisualStudioVersion = 10.0.40219.1
Project("{9A19103F-16F7-4668-BE54-9A1E7A4F7556}") = "wppsharp", "wppsharp\wppsharp.csproj", "{AA9BD00F-A757-464B-B632-4484708C9087}"
EndProject
Project("{FAE04EC0-301F-11D3-BF4B-00C04F79EFBC}") = "wppsharp.ConsoleExample", "wppsharp.ConsoleExample\wppsharp.ConsoleExample.csproj", "{DCF81E68-7694-4618-A6C7-F3AFF227B3CF}"
EndProject
Global
	GlobalSection(SolutionConfigurationPlatforms) = preSolution
		Debug|Any CPU = Debug|Any CPU
		Release|Any CPU = Release|Any CPU
	EndGlobalSection
	GlobalSection(ProjectConfigurationPlatforms) = postSolution
		{AA9BD00F-A757-464B-B632-4484708C9087}.Debug|Any CPU.ActiveCfg = Debug|Any CPU
		{AA9BD00F-A757-464B-B632-4484708C9087}.Debug|Any CPU.Build.0 = Debug|Any CPU
		{AA9BD00F-A757-464B-B632-4484708C9087}.Release|Any CPU.ActiveCfg = Release|Any CPU
		{AA9BD00F-A757-464B-B632-4484708C9087}.Release|Any CPU.Build.0 = Release|Any CPU
		{DCF81E68-7694-4618-A6C7-F3AFF227B3CF}.Debug|Any CPU.ActiveCfg = Debug|Any CPU
		{DCF81E68-7694-4618-A6C7-F3AFF227B3CF}.Debug|Any CPU.Build.0 = Debug|Any CPU
		{DCF81E68-7694-4618-A6C7-F3AFF227B3CF}.Release|Any CPU.ActiveCfg = Release|Any CPU
		{DCF81E68-7694-4618-A6C7-F3AFF227B3CF}.Release|Any CPU.Build.0 = Release|Any CPU
	EndGlobalSection
	GlobalSection(SolutionProperties) = preSolution
		HideSolutionNode = FALSE
	EndGlobalSection
	GlobalSection(ExtensibilityGlobals) = postSolution
		SolutionGuid = {1AAE38F2-7C9A-4A17-AD63-40F8E85A279E}
	EndGlobalSection
EndGlobal
